{
  "name": "clai-coding-challenge",
  "lockfileVersion": 3,
  "requires": true,
  "packages": {
    "": {
      "name": "clai-coding-challenge",
      "workspaces": [
        "frontend",
        "backend",
        "shared"
      ]
    },
    "node_modules/shared": {
      "resolved": "shared",
      "link": true
    },
    "shared": {}
  }
}
